
Microsoft Visual Studio Solution File, Format Version 12.00
# Visual Studio Version 16
VisualStudioVersion = 16.0.29709.97
MinimumVisualStudioVersion = 10.0.40219.1
Project("{9A19103F-16F7-4668-BE54-9A1E7A4F7556}") = "ApiKeyAuth", "ApiKeyAuth\ApiKeyAuth.csproj", "{893C27B9-5DEC-4673-8854-C81D5275749B}"
EndProject
Project("{2150E333-8FDC-42A3-9474-1A3956D46DE8}") = "src", "src", "{EFE33369-448E-4CAA-A111-CD01230A809B}"
EndProject
Project("{2150E333-8FDC-42A3-9474-1A3956D46DE8}") = "tests", "tests", "{4E13D0ED-E583-4430-9465-349B98EB130E}"
EndProject
Project("{FAE04EC0-301F-11D3-BF4B-00C04F79EFBC}") = "ApiKeyAuth.Tests", "tests\ApiKeyAuth.Tests\ApiKeyAuth.Tests.csproj", "{A19F45A0-98DD-4C68-B42B-CF981045C870}"
EndProject
Global
	GlobalSection(SolutionConfigurationPlatforms) = preSolution
		Debug|Any CPU = Debug|Any CPU
		Release|Any CPU = Release|Any CPU
	EndGlobalSection
	GlobalSection(ProjectConfigurationPlatforms) = postSolution
		{893C27B9-5DEC-4673-8854-C81D5275749B}.Debug|Any CPU.ActiveCfg = Debug|Any CPU
		{893C27B9-5DEC-4673-8854-C81D5275749B}.Debug|Any CPU.Build.0 = Debug|Any CPU
		{893C27B9-5DEC-4673-8854-C81D5275749B}.Release|Any CPU.ActiveCfg = Release|Any CPU
		{893C27B9-5DEC-4673-8854-C81D5275749B}.Release|Any CPU.Build.0 = Release|Any CPU
		{A19F45A0-98DD-4C68-B42B-CF981045C870}.Debug|Any CPU.ActiveCfg = Debug|Any CPU
		{A19F45A0-98DD-4C68-B42B-CF981045C870}.Debug|Any CPU.Build.0 = Debug|Any CPU
		{A19F45A0-98DD-4C68-B42B-CF981045C870}.Release|Any CPU.ActiveCfg = Release|Any CPU
		{A19F45A0-98DD-4C68-B42B-CF981045C870}.Release|Any CPU.Build.0 = Release|Any CPU
	EndGlobalSection
	GlobalSection(SolutionProperties) = preSolution
		HideSolutionNode = FALSE
	EndGlobalSection
	GlobalSection(NestedProjects) = preSolution
		{893C27B9-5DEC-4673-8854-C81D5275749B} = {EFE33369-448E-4CAA-A111-CD01230A809B}
		{A19F45A0-98DD-4C68-B42B-CF981045C870} = {4E13D0ED-E583-4430-9465-349B98EB130E}
	EndGlobalSection
	GlobalSection(ExtensibilityGlobals) = postSolution
		SolutionGuid = {5AEE42B5-38E5-4F02-ACE9-80BBE9A025B4}
	EndGlobalSection
EndGlobal
